<?xml version="1.0" encoding="utf-8"?>
<Project ToolsVersion="4.0" xmlns="http://schemas.microsoft.com/developer/msbuild/2003">
  <ItemGroup>
    <Filter Include="源文件">
      <UniqueIdentifier>{4FC737F1-C7A5-4376-A066-2A32D752A2FF}</UniqueIdentifier>
      <Extensions>cpp;c;cc;cxx;def;odl;idl;hpj;bat;asm;asmx</Extensions>
    </Filter>
    <Filter Include="头文件">
      <UniqueIdentifier>{93995380-89BD-4b04-88EB-625FBE52EBFB}</UniqueIdentifier>
      <Extensions>h;hpp;hxx;hm;inl;inc;xsd</Extensions>
    </Filter>
    <Filter Include="资源文件">
      <UniqueIdentifier>{67DA6AB6-F800-4c08-8B7A-83BB121AAD01}</UniqueIdentifier>
      <Extensions>rc;ico;cur;bmp;dlg;rc2;rct;bin;rgs;gif;jpg;jpeg;jpe;resx;tiff;tif;png;wav;mfcribbon-ms</Extensions>
    </Filter>
  </ItemGroup>
  <ItemGroup>
    <ClCompile Include="..\MapModule.cpp">
      <Filter>源文件</Filter>
    </ClCompile>
    <ClCompile Include="..\newmain.cpp">
      <Filter>源文件</Filter>
    </ClCompile>
    <ClCompile Include="..\NJUST_MAP_proc.cpp">
      <Filter>源文件</Filter>
    </ClCompile>
    <ClCompile Include="..\MapCommunion.cpp">
      <Filter>源文件</Filter>
    </ClCompile>
    <ClCompile Include="..\MapFileStream.cpp">
      <Filter>源文件</Filter>
    </ClCompile>
    <ClCompile Include="..\MapTools.cpp">
      <Filter>源文件</Filter>
    </ClCompile>
  </ItemGroup>
  <ItemGroup>
    <ClInclude Include="..\MapModule.h">
      <Filter>头文件</Filter>
    </ClInclude>
    <ClInclude Include="..\NJUST_2D_data.h">
      <Filter>头文件</Filter>
    </ClInclude>
    <ClInclude Include="..\NJUST_2D_proc.h">
      <Filter>头文件</Filter>
    </ClInclude>
    <ClInclude Include="..\NJUST_3D_data.h">
      <Filter>头文件</Filter>
    </ClInclude>
    <ClInclude Include="..\NJUST_3D_proc.h">
      <Filter>头文件</Filter>
    </ClInclude>
    <ClInclude Include="..\NJUST_3D4_data.h">
      <Filter>头文件</Filter>
    </ClInclude>
    <ClInclude Include="..\NJUST_3D4_proc.h">
      <Filter>头文件</Filter>
    </ClInclude>
    <ClInclude Include="..\NJUST_3D64_data.h">
      <Filter>头文件</Filter>
    </ClInclude>
    <ClInclude Include="..\NJUST_3D64_proc.h">
      <Filter>头文件</Filter>
    </ClInclude>
    <ClInclude Include="..\NJUST_ALV_BYD.h">
      <Filter>头文件</Filter>
    </ClInclude>
    <ClInclude Include="..\NJUST_FU_data.h">
      <Filter>头文件</Filter>
    </ClInclude>
    <ClInclude Include="..\NJUST_FU_proc.h">
      <Filter>头文件</Filter>
    </ClInclude>
    <ClInclude Include="..\NJUST_Global_Def.h">
      <Filter>头文件</Filter>
    </ClInclude>
    <ClInclude Include="..\NJUST_IP_comm.h">
      <Filter>头文件</Filter>
    </ClInclude>
    <ClInclude Include="..\NJUST_LS_data.h">
      <Filter>头文件</Filter>
    </ClInclude>
    <ClInclude Include="..\NJUST_LS_proc.h">
      <Filter>头文件</Filter>
    </ClInclude>
    <ClInclude Include="..\NJUST_MAP_data.h">
      <Filter>头文件</Filter>
    </ClInclude>
    <ClInclude Include="..\NJUST_MAP_proc.h">
      <Filter>头文件</Filter>
    </ClInclude>
    <ClInclude Include="..\NJUST_MC_data.h">
      <Filter>头文件</Filter>
    </ClInclude>
    <ClInclude Include="..\NJUST_MC_proc.h">
      <Filter>头文件</Filter>
    </ClInclude>
    <ClInclude Include="..\NJUST_MC_typedef.h">
      <Filter>头文件</Filter>
    </ClInclude>
    <ClInclude Include="..\NJUST_MO_data.h">
      <Filter>头文件</Filter>
    </ClInclude>
    <ClInclude Include="..\NJUST_MO_proc.h">
      <Filter>头文件</Filter>
    </ClInclude>
    <ClInclude Include="..\NJUST_PL_data.h">
      <Filter>头文件</Filter>
    </ClInclude>
    <ClInclude Include="..\NJUST_PL_proc.h">
      <Filter>头文件</Filter>
    </ClInclude>
    <ClInclude Include="..\Parameter.h">
      <Filter>头文件</Filter>
    </ClInclude>
    <ClInclude Include="..\MAP__BASIC_data.h">
      <Filter>头文件</Filter>
    </ClInclude>
  </ItemGroup>
</Project>